
Microsoft Visual Studio Solution File, Format Version 12.00
# Visual Studio Version 17
VisualStudioVersion = 17.6.33829.357
MinimumVisualStudioVersion = 10.0.40219.1
Project("{FAE04EC0-301F-11D3-BF4B-00C04F79EFBC}") = "Cleanbeez", "Cleanbeez\Cleanbeez.csproj", "{8EB08F28-0E8C-47CC-9641-D95A7DD424A7}"
EndProject
Global
	GlobalSection(SolutionConfigurationPlatforms) = preSolution
		Debug|Any CPU = Debug|Any CPU
		Release|Any CPU = Release|Any CPU
	EndGlobalSection
	GlobalSection(ProjectConfigurationPlatforms) = postSolution
		{8EB08F28-0E8C-47CC-9641-D95A7DD424A7}.Debug|Any CPU.ActiveCfg = Debug|Any CPU
		{8EB08F28-0E8C-47CC-9641-D95A7DD424A7}.Debug|Any CPU.Build.0 = Debug|Any CPU
		{8EB08F28-0E8C-47CC-9641-D95A7DD424A7}.Release|Any CPU.ActiveCfg = Release|Any CPU
		{8EB08F28-0E8C-47CC-9641-D95A7DD424A7}.Release|Any CPU.Build.0 = Release|Any CPU
	EndGlobalSection
	GlobalSection(SolutionProperties) = preSolution
		HideSolutionNode = FALSE
	EndGlobalSection
	GlobalSection(ExtensibilityGlobals) = postSolution
		SolutionGuid = {E0EEA5F4-C5BD-4FEF-9968-41C31CD8E854}
	EndGlobalSection
EndGlobal
